
Microsoft Visual Studio Solution File, Format Version 12.00
# Visual Studio 15
VisualStudioVersion = 15.0.28307.168
MinimumVisualStudioVersion = 10.0.40219.1
Project("{FAE04EC0-301F-11D3-BF4B-00C04F79EFBC}") = "Lab7", "Lab7\Lab7.csproj", "{5592CE93-F03C-40EF-A23C-33CF4BAA1670}"
EndProject
Global
	GlobalSection(SolutionConfigurationPlatforms) = preSolution
		Debug|Any CPU = Debug|Any CPU
		Release|Any CPU = Release|Any CPU
	EndGlobalSection
	GlobalSection(ProjectConfigurationPlatforms) = postSolution
		{5592CE93-F03C-40EF-A23C-33CF4BAA1670}.Debug|Any CPU.ActiveCfg = Debug|Any CPU
		{5592CE93-F03C-40EF-A23C-33CF4BAA1670}.Debug|Any CPU.Build.0 = Debug|Any CPU
		{5592CE93-F03C-40EF-A23C-33CF4BAA1670}.Release|Any CPU.ActiveCfg = Release|Any CPU
		{5592CE93-F03C-40EF-A23C-33CF4BAA1670}.Release|Any CPU.Build.0 = Release|Any CPU
	EndGlobalSection
	GlobalSection(SolutionProperties) = preSolution
		HideSolutionNode = FALSE
	EndGlobalSection
	GlobalSection(ExtensibilityGlobals) = postSolution
		SolutionGuid = {EAC58370-E0FD-4500-A756-F867CE023480}
	EndGlobalSection
EndGlobal
